
Microsoft Visual Studio Solution File, Format Version 12.00
# Visual Studio Version 16
VisualStudioVersion = 16.0.30503.244
MinimumVisualStudioVersion = 10.0.40219.1
Project("{FAE04EC0-301F-11D3-BF4B-00C04F79EFBC}") = "CreativityEdu", "CreativityEdu\CreativityEdu.csproj", "{03EDB37B-962F-4C3E-B243-075B776D1642}"
EndProject
Global
	GlobalSection(SolutionConfigurationPlatforms) = preSolution
		Debug|Any CPU = Debug|Any CPU
		Release|Any CPU = Release|Any CPU
	EndGlobalSection
	GlobalSection(ProjectConfigurationPlatforms) = postSolution
		{03EDB37B-962F-4C3E-B243-075B776D1642}.Debug|Any CPU.ActiveCfg = Debug|Any CPU
		{03EDB37B-962F-4C3E-B243-075B776D1642}.Debug|Any CPU.Build.0 = Debug|Any CPU
		{03EDB37B-962F-4C3E-B243-075B776D1642}.Release|Any CPU.ActiveCfg = Release|Any CPU
		{03EDB37B-962F-4C3E-B243-075B776D1642}.Release|Any CPU.Build.0 = Release|Any CPU
	EndGlobalSection
	GlobalSection(SolutionProperties) = preSolution
		HideSolutionNode = FALSE
	EndGlobalSection
	GlobalSection(ExtensibilityGlobals) = postSolution
		SolutionGuid = {64CAFD71-681C-43F2-A589-B2905785DD23}
	EndGlobalSection
EndGlobal
